// !$*UTF8*$!
{
	archiveVersion = 1;
	classes = {
	};
	objectVersion = 51;
	objects = {

/* Begin PBXBuildFile section */
		0844EB262317A96200BC0C8D /* PoemRecommendViewModel.swift in Sources */ = {isa = PBXBuildFile; fileRef = 0844EB252317A96200BC0C8D /* PoemRecommendViewModel.swift */; };
		0844EB2C2317CEF400BC0C8D /* PoemRecommendsViewController.swift in Sources */ = {isa = PBXBuildFile; fileRef = 0844EB2B2317CEF400BC0C8D /* PoemRecommendsViewController.swift */; };
		08DB6B8A23152EEE00DFBDC3 /* AppDelegate.swift in Sources */ = {isa = PBXBuildFile; fileRef = 08DB6B8923152EEE00DFBDC3 /* AppDelegate.swift */; };
		08DB6B9123152EEF00DFBDC3 /* Assets.xcassets in Resources */ = {isa = PBXBuildFile; fileRef = 08DB6B9023152EEF00DFBDC3 /* Assets.xcassets */; };
		08DB6B9423152EEF00DFBDC3 /* LaunchScreen.storyboard in Resources */ = {isa = PBXBuildFile; fileRef = 08DB6B9223152EEF00DFBDC3 /* LaunchScreen.storyboard */; };
		08DB6B9C231533EF00DFBDC3 /* WePoems.swift in Sources */ = {isa = PBXBuildFile; fileRef = 08DB6B9B231533EF00DFBDC3 /* WePoems.swift */; };
		08F672232316182B007FA3F6 /* WePoemRecommend.swift in Sources */ = {isa = PBXBuildFile; fileRef = 08F672222316182B007FA3F6 /* WePoemRecommend.swift */; };
		08F6722723165689007FA3F6 /* PoemBrieflyTableViewCell.swift in Sources */ = {isa = PBXBuildFile; fileRef = 08F6722623165689007FA3F6 /* PoemBrieflyTableViewCell.swift */; };
		08FCC70B2322062700C61408 /* PoemDetailViewController.swift in Sources */ = {isa = PBXBuildFile; fileRef = 08FCC70A2322062700C61408 /* PoemDetailViewController.swift */; };
		08FCC70F232206B000C61408 /* FindMoreViewController.swift in Sources */ = {isa = PBXBuildFile; fileRef = 08FCC70E232206B000C61408 /* FindMoreViewController.swift */; };
		08FCC712232206D300C61408 /* MeViewController.swift in Sources */ = {isa = PBXBuildFile; fileRef = 08FCC711232206D300C61408 /* MeViewController.swift */; };
		08FCC7172322070E00C61408 /* HCNavigationController.swift in Sources */ = {isa = PBXBuildFile; fileRef = 08FCC7162322070E00C61408 /* HCNavigationController.swift */; };
		08FCC7192322072D00C61408 /* HCTabBarController.swift in Sources */ = {isa = PBXBuildFile; fileRef = 08FCC7182322072D00C61408 /* HCTabBarController.swift */; };
		08FCC71C23225C9800C61408 /* CommonExtension.swift in Sources */ = {isa = PBXBuildFile; fileRef = 08FCC71B23225C9800C61408 /* CommonExtension.swift */; };
		89A172EC1D01C4452C69E90C /* Pods_HCWePoems.framework in Frameworks */ = {isa = PBXBuildFile; fileRef = 78093E611084C7EA1D36B08B /* Pods_HCWePoems.framework */; };
/* End PBXBuildFile section */

/* Begin PBXFileReference section */
		0844EB252317A96200BC0C8D /* PoemRecommendViewModel.swift */ = {isa = PBXFileReference; lastKnownFileType = sourcecode.swift; path = PoemRecommendViewModel.swift; sourceTree = "<group>"; };
		0844EB2B2317CEF400BC0C8D /* PoemRecommendsViewController.swift */ = {isa = PBXFileReference; lastKnownFileType = sourcecode.swift; path = PoemRecommendsViewController.swift; sourceTree = "<group>"; };
		08DB6B8623152EEE00DFBDC3 /* HCWePoems.app */ = {isa = PBXFileReference; explicitFileType = wrapper.application; includeInIndex = 0; path = HCWePoems.app; sourceTree = BUILT_PRODUCTS_DIR; };
		08DB6B8923152EEE00DFBDC3 /* AppDelegate.swift */ = {isa = PBXFileReference; lastKnownFileType = sourcecode.swift; path = AppDelegate.swift; sourceTree = "<group>"; };
		08DB6B9023152EEF00DFBDC3 /* Assets.xcassets */ = {isa = PBXFileReference; lastKnownFileType = folder.assetcatalog; path = Assets.xcassets; sourceTree = "<group>"; };
		08DB6B9323152EEF00DFBDC3 /* Base */ = {isa = PBXFileReference; lastKnownFileType = file.storyboard; name = Base; path = Base.lproj/LaunchScreen.storyboard; sourceTree = "<group>"; };
		08DB6B9523152EEF00DFBDC3 /* Info.plist */ = {isa = PBXFileReference; lastKnownFileType = text.plist.xml; path = Info.plist; sourceTree = "<group>"; };
		08DB6B9B231533EF00DFBDC3 /* WePoems.swift */ = {isa = PBXFileReference; lastKnownFileType = sourcecode.swift; path = WePoems.swift; sourceTree = "<group>"; };
		08F672222316182B007FA3F6 /* WePoemRecommend.swift */ = {isa = PBXFileReference; lastKnownFileType = sourcecode.swift; path = WePoemRecommend.swift; sourceTree = "<group>"; };
		08F6722623165689007FA3F6 /* PoemBrieflyTableViewCell.swift */ = {isa = PBXFileReference; lastKnownFileType = sourcecode.swift; path = PoemBrieflyTableViewCell.swift; sourceTree = "<group>"; };
		08FCC70A2322062700C61408 /* PoemDetailViewController.swift */ = {isa = PBXFileReference; lastKnownFileType = sourcecode.swift; path = PoemDetailViewController.swift; sourceTree = "<group>"; };
		08FCC70E232206B000C61408 /* FindMoreViewController.swift */ = {isa = PBXFileReference; lastKnownFileType = sourcecode.swift; path = FindMoreViewController.swift; sourceTree = "<group>"; };
		08FCC711232206D300C61408 /* MeViewController.swift */ = {isa = PBXFileReference; lastKnownFileType = sourcecode.swift; path = MeViewController.swift; sourceTree = "<group>"; };
		08FCC7162322070E00C61408 /* HCNavigationController.swift */ = {isa = PBXFileReference; lastKnownFileType = sourcecode.swift; path = HCNavigationController.swift; sourceTree = "<group>"; };
		08FCC7182322072D00C61408 /* HCTabBarController.swift */ = {isa = PBXFileReference; lastKnownFileType = sourcecode.swift; path = HCTabBarController.swift; sourceTree = "<group>"; };
		08FCC71B23225C9800C61408 /* CommonExtension.swift */ = {isa = PBXFileReference; lastKnownFileType = sourcecode.swift; path = CommonExtension.swift; sourceTree = "<group>"; };
		52FC84FD870892AAAF8A5C9F /* Pods-HCWePoems.release.xcconfig */ = {isa = PBXFileReference; includeInIndex = 1; lastKnownFileType = text.xcconfig; name = "Pods-HCWePoems.release.xcconfig"; path = "Target Support Files/Pods-HCWePoems/Pods-HCWePoems.release.xcconfig"; sourceTree = "<group>"; };
		78093E611084C7EA1D36B08B /* Pods_HCWePoems.framework */ = {isa = PBXFileReference; explicitFileType = wrapper.framework; includeInIndex = 0; path = Pods_HCWePoems.framework; sourceTree = BUILT_PRODUCTS_DIR; };
		F1734C79BFF5B1FCD6C79855 /* Pods-HCWePoems.debug.xcconfig */ = {isa = PBXFileReference; includeInIndex = 1; lastKnownFileType = text.xcconfig; name = "Pods-HCWePoems.debug.xcconfig"; path = "Target Support Files/Pods-HCWePoems/Pods-HCWePoems.debug.xcconfig"; sourceTree = "<group>"; };
/* End PBXFileReference section */

/* Begin PBXFrameworksBuildPhase section */
		08DB6B8323152EEE00DFBDC3 /* Frameworks */ = {
			isa = PBXFrameworksBuildPhase;
			buildActionMask = 2147483647;
			files = (
				89A172EC1D01C4452C69E90C /* Pods_HCWePoems.framework in Frameworks */,
			);
			runOnlyForDeploymentPostprocessing = 0;
		};
/* End PBXFrameworksBuildPhase section */

/* Begin PBXGroup section */
		0844EB272317CE9F00BC0C8D /* Recommend */ = {
			isa = PBXGroup;
			children = (
				0844EB292317CEB300BC0C8D /* Model */,
				0844EB282317CEAC00BC0C8D /* View */,
				0844EB2A2317CEBA00BC0C8D /* ViewModel */,
				0844EB2D2317CEF800BC0C8D /* ViewController */,
			);
			path = Recommend;
			sourceTree = "<group>";
		};
		0844EB282317CEAC00BC0C8D /* View */ = {
			isa = PBXGroup;
			children = (
				08F6722623165689007FA3F6 /* PoemBrieflyTableViewCell.swift */,
			);
			path = View;
			sourceTree = "<group>";
		};
		0844EB292317CEB300BC0C8D /* Model */ = {
			isa = PBXGroup;
			children = (
				08F672222316182B007FA3F6 /* WePoemRecommend.swift */,
			);
			path = Model;
			sourceTree = "<group>";
		};
		0844EB2A2317CEBA00BC0C8D /* ViewModel */ = {
			isa = PBXGroup;
			children = (
				0844EB252317A96200BC0C8D /* PoemRecommendViewModel.swift */,
			);
			path = ViewModel;
			sourceTree = "<group>";
		};
		0844EB2D2317CEF800BC0C8D /* ViewController */ = {
			isa = PBXGroup;
			children = (
				0844EB2B2317CEF400BC0C8D /* PoemRecommendsViewController.swift */,
			);
			path = ViewController;
			sourceTree = "<group>";
		};
		08DB6B7D23152EEE00DFBDC3 = {
			isa = PBXGroup;
			children = (
				08DB6B8823152EEE00DFBDC3 /* HCWePoems */,
				08DB6B8723152EEE00DFBDC3 /* Products */,
				58CE2479AE459C337925EBDD /* Pods */,
				6EAA6DC5B3C09AE2017CD073 /* Frameworks */,
			);
			sourceTree = "<group>";
		};
		08DB6B8723152EEE00DFBDC3 /* Products */ = {
			isa = PBXGroup;
			children = (
				08DB6B8623152EEE00DFBDC3 /* HCWePoems.app */,
			);
			name = Products;
			sourceTree = "<group>";
		};
		08DB6B8823152EEE00DFBDC3 /* HCWePoems */ = {
			isa = PBXGroup;
			children = (
				08DB6B8923152EEE00DFBDC3 /* AppDelegate.swift */,
				08FCC71A2322073200C61408 /* Base */,
				08F67221231617E5007FA3F6 /* MoyaProvider */,
				0844EB272317CE9F00BC0C8D /* Recommend */,
				08FCC70C2322062C00C61408 /* Detail */,
				08FCC710232206B400C61408 /* FindMore */,
				08FCC713232206D700C61408 /* Me */,
				08DB6B9023152EEF00DFBDC3 /* Assets.xcassets */,
				08DB6B9223152EEF00DFBDC3 /* LaunchScreen.storyboard */,
				08DB6B9523152EEF00DFBDC3 /* Info.plist */,
				08FCC71D23225CA200C61408 /* Common */,
			);
			path = HCWePoems;
			sourceTree = "<group>";
		};
		08F67221231617E5007FA3F6 /* MoyaProvider */ = {
			isa = PBXGroup;
			children = (
				08DB6B9B231533EF00DFBDC3 /* WePoems.swift */,
			);
			path = MoyaProvider;
			sourceTree = "<group>";
		};
		08FCC70C2322062C00C61408 /* Detail */ = {
			isa = PBXGroup;
			children = (
				08FCC70D2322063F00C61408 /* ViewController */,
			);
			path = Detail;
			sourceTree = "<group>";
		};
		08FCC70D2322063F00C61408 /* ViewController */ = {
			isa = PBXGroup;
			children = (
				08FCC70A2322062700C61408 /* PoemDetailViewController.swift */,
			);
			path = ViewController;
			sourceTree = "<group>";
		};
		08FCC710232206B400C61408 /* FindMore */ = {
			isa = PBXGroup;
			children = (
				08FCC70E232206B000C61408 /* FindMoreViewController.swift */,
			);
			path = FindMore;
			sourceTree = "<group>";
		};
		08FCC713232206D700C61408 /* Me */ = {
			isa = PBXGroup;
			children = (
				08FCC711232206D300C61408 /* MeViewController.swift */,
			);
			path = Me;
			sourceTree = "<group>";
		};
		08FCC71A2322073200C61408 /* Base */ = {
			isa = PBXGroup;
			children = (
				08FCC7162322070E00C61408 /* HCNavigationController.swift */,
				08FCC7182322072D00C61408 /* HCTabBarController.swift */,
			);
			path = Base;
			sourceTree = "<group>";
		};
		08FCC71D23225CA200C61408 /* Common */ = {
			isa = PBXGroup;
			children = (
				08FCC71B23225C9800C61408 /* CommonExtension.swift */,
			);
			path = Common;
			sourceTree = "<group>";
		};
		58CE2479AE459C337925EBDD /* Pods */ = {
			isa = PBXGroup;
			children = (
				F1734C79BFF5B1FCD6C79855 /* Pods-HCWePoems.debug.xcconfig */,
				52FC84FD870892AAAF8A5C9F /* Pods-HCWePoems.release.xcconfig */,
			);
			path = Pods;
			sourceTree = "<group>";
		};
		6EAA6DC5B3C09AE2017CD073 /* Frameworks */ = {
			isa = PBXGroup;
			children = (
				78093E611084C7EA1D36B08B /* Pods_HCWePoems.framework */,
			);
			name = Frameworks;
			sourceTree = "<group>";
		};
/* End PBXGroup section */

/* Begin PBXNativeTarget section */
		08DB6B8523152EEE00DFBDC3 /* HCWePoems */ = {
			isa = PBXNativeTarget;
			buildConfigurationList = 08DB6B9823152EEF00DFBDC3 /* Build configuration list for PBXNativeTarget "HCWePoems" */;
			buildPhases = (
				3618DB9439B632440EDDD12C /* [CP] Check Pods Manifest.lock */,
				08DB6B8223152EEE00DFBDC3 /* Sources */,
				08DB6B8323152EEE00DFBDC3 /* Frameworks */,
				08DB6B8423152EEE00DFBDC3 /* Resources */,
				3D25A92B70948E7C30B2A1A5 /* [CP] Embed Pods Frameworks */,
			);
			buildRules = (
			);
			dependencies = (
			);
			name = HCWePoems;
			productName = HCWePoems;
			productReference = 08DB6B8623152EEE00DFBDC3 /* HCWePoems.app */;
			productType = "com.apple.product-type.application";
		};
/* End PBXNativeTarget section */

/* Begin PBXProject section */
		08DB6B7E23152EEE00DFBDC3 /* Project object */ = {
			isa = PBXProject;
			attributes = {
				LastSwiftUpdateCheck = 1030;
				LastUpgradeCheck = 1030;
				ORGANIZATIONNAME = cgtn;
				TargetAttributes = {
					08DB6B8523152EEE00DFBDC3 = {
						CreatedOnToolsVersion = 10.3;
					};
				};
			};
			buildConfigurationList = 08DB6B8123152EEE00DFBDC3 /* Build configuration list for PBXProject "HCWePoems" */;
			compatibilityVersion = "Xcode 9.3";
			developmentRegion = en;
			hasScannedForEncodings = 0;
			knownRegions = (
				en,
				Base,
			);
			mainGroup = 08DB6B7D23152EEE00DFBDC3;
			productRefGroup = 08DB6B8723152EEE00DFBDC3 /* Products */;
			projectDirPath = "";
			projectRoot = "";
			targets = (
				08DB6B8523152EEE00DFBDC3 /* HCWePoems */,
			);
		};
/* End PBXProject section */

/* Begin PBXResourcesBuildPhase section */
		08DB6B8423152EEE00DFBDC3 /* Resources */ = {
			isa = PBXResourcesBuildPhase;
			buildActionMask = 2147483647;
			files = (
				08DB6B9423152EEF00DFBDC3 /* LaunchScreen.storyboard in Resources */,
				08DB6B9123152EEF00DFBDC3 /* Assets.xcassets in Resources */,
			);
			runOnlyForDeploymentPostprocessing = 0;
		};
/* End PBXResourcesBuildPhase section */

/* Begin PBXShellScriptBuildPhase section */
		3618DB9439B632440EDDD12C /* [CP] Check Pods Manifest.lock */ = {
			isa = PBXShellScriptBuildPhase;
			buildActionMask = 2147483647;
			files = (
			);
			inputFileListPaths = (
			);
			inputPaths = (
				"${PODS_PODFILE_DIR_PATH}/Podfile.lock",
				"${PODS_ROOT}/Manifest.lock",
			);
			name = "[CP] Check Pods Manifest.lock";
			outputFileListPaths = (
			);
			outputPaths = (
				"$(DERIVED_FILE_DIR)/Pods-HCWePoems-checkManifestLockResult.txt",
			);
			runOnlyForDeploymentPostprocessing = 0;
			shellPath = /bin/sh;
			shellScript = "diff \"${PODS_PODFILE_DIR_PATH}/Podfile.lock\" \"${PODS_ROOT}/Manifest.lock\" > /dev/null\nif [ $? != 0 ] ; then\n    # print error to STDERR\n    echo \"error: The sandbox is not in sync with the Podfile.lock. Run 'pod install' or update your CocoaPods installation.\" >&2\n    exit 1\nfi\n# This output is used by Xcode 'outputs' to avoid re-running this script phase.\necho \"SUCCESS\" > \"${SCRIPT_OUTPUT_FILE_0}\"\n";
			showEnvVarsInLog = 0;
		};
		3D25A92B70948E7C30B2A1A5 /* [CP] Embed Pods Frameworks */ = {
			isa = PBXShellScriptBuildPhase;
			buildActionMask = 2147483647;
			files = (
			);
			inputFileListPaths = (
				"${PODS_ROOT}/Target Support Files/Pods-HCWePoems/Pods-HCWePoems-frameworks-${CONFIGURATION}-input-files.xcfilelist",
			);
			name = "[CP] Embed Pods Frameworks";
			outputFileListPaths = (
				"${PODS_ROOT}/Target Support Files/Pods-HCWePoems/Pods-HCWePoems-frameworks-${CONFIGURATION}-output-files.xcfilelist",
			);
			runOnlyForDeploymentPostprocessing = 0;
			shellPath = /bin/sh;
			shellScript = "\"${PODS_ROOT}/Target Support Files/Pods-HCWePoems/Pods-HCWePoems-frameworks.sh\"\n";
			showEnvVarsInLog = 0;
		};
/* End PBXShellScriptBuildPhase section */

/* Begin PBXSourcesBuildPhase section */
		08DB6B8223152EEE00DFBDC3 /* Sources */ = {
			isa = PBXSourcesBuildPhase;
			buildActionMask = 2147483647;
			files = (
				08FCC712232206D300C61408 /* MeViewController.swift in Sources */,
				0844EB262317A96200BC0C8D /* PoemRecommendViewModel.swift in Sources */,
				08FCC70B2322062700C61408 /* PoemDetailViewController.swift in Sources */,
				08FCC70F232206B000C61408 /* FindMoreViewController.swift in Sources */,
				0844EB2C2317CEF400BC0C8D /* PoemRecommendsViewController.swift in Sources */,
				08FCC7192322072D00C61408 /* HCTabBarController.swift in Sources */,
				08DB6B9C231533EF00DFBDC3 /* WePoems.swift in Sources */,
				08F6722723165689007FA3F6 /* PoemBrieflyTableViewCell.swift in Sources */,
				08DB6B8A23152EEE00DFBDC3 /* AppDelegate.swift in Sources */,
				08FCC7172322070E00C61408 /* HCNavigationController.swift in Sources */,
				08FCC71C23225C9800C61408 /* CommonExtension.swift in Sources */,
				08F672232316182B007FA3F6 /* WePoemRecommend.swift in Sources */,
			);
			runOnlyForDeploymentPostprocessing = 0;
		};
/* End PBXSourcesBuildPhase section */

/* Begin PBXVariantGroup section */
		08DB6B9223152EEF00DFBDC3 /* LaunchScreen.storyboard */ = {
			isa = PBXVariantGroup;
			children = (
				08DB6B9323152EEF00DFBDC3 /* Base */,
			);
			name = LaunchScreen.storyboard;
			sourceTree = "<group>";
		};
/* End PBXVariantGroup section */

/* Begin XCBuildConfiguration section */
		08DB6B9623152EEF00DFBDC3 /* Debug */ = {
			isa = XCBuildConfiguration;
			buildSettings = {
				ALWAYS_SEARCH_USER_PATHS = NO;
				CLANG_ANALYZER_NONNULL = YES;
				CLANG_ANALYZER_NUMBER_OBJECT_CONVERSION = YES_AGGRESSIVE;
				CLANG_CXX_LANGUAGE_STANDARD = "gnu++14";
				CLANG_CXX_LIBRARY = "libc++";
				CLANG_ENABLE_MODULES = YES;
				CLANG_ENABLE_OBJC_ARC = YES;
				CLANG_ENABLE_OBJC_WEAK = YES;
				CLANG_WARN_BLOCK_CAPTURE_AUTORELEASING = YES;
				CLANG_WARN_BOOL_CONVERSION = YES;
				CLANG_WARN_COMMA = YES;
				CLANG_WARN_CONSTANT_CONVERSION = YES;
				CLANG_WARN_DEPRECATED_OBJC_IMPLEMENTATIONS = YES;
				CLANG_WARN_DIRECT_OBJC_ISA_USAGE = YES_ERROR;
				CLANG_WARN_DOCUMENTATION_COMMENTS = YES;
				CLANG_WARN_EMPTY_BODY = YES;
				CLANG_WARN_ENUM_CONVERSION = YES;
				CLANG_WARN_INFINITE_RECURSION = YES;
				CLANG_WARN_INT_CONVERSION = YES;
				CLANG_WARN_NON_LITERAL_NULL_CONVERSION = YES;
				CLANG_WARN_OBJC_IMPLICIT_RETAIN_SELF = YES;
				CLANG_WARN_OBJC_LITERAL_CONVERSION = YES;
				CLANG_WARN_OBJC_ROOT_CLASS = YES_ERROR;
				CLANG_WARN_RANGE_LOOP_ANALYSIS = YES;
				CLANG_WARN_STRICT_PROTOTYPES = YES;
				CLANG_WARN_SUSPICIOUS_MOVE = YES;
				CLANG_WARN_UNGUARDED_AVAILABILITY = YES_AGGRESSIVE;
				CLANG_WARN_UNREACHABLE_CODE = YES;
				CLANG_WARN__DUPLICATE_METHOD_MATCH = YES;
				CODE_SIGN_IDENTITY = "iPhone Developer";
				COPY_PHASE_STRIP = NO;
				DEBUG_INFORMATION_FORMAT = dwarf;
				ENABLE_STRICT_OBJC_MSGSEND = YES;
				ENABLE_TESTABILITY = YES;
				GCC_C_LANGUAGE_STANDARD = gnu11;
				GCC_DYNAMIC_NO_PIC = NO;
				GCC_NO_COMMON_BLOCKS = YES;
				GCC_OPTIMIZATION_LEVEL = 0;
				GCC_PREPROCESSOR_DEFINITIONS = (
					"DEBUG=1",
					"$(inherited)",
				);
				GCC_WARN_64_TO_32_BIT_CONVERSION = YES;
				GCC_WARN_ABOUT_RETURN_TYPE = YES_ERROR;
				GCC_WARN_UNDECLARED_SELECTOR = YES;
				GCC_WARN_UNINITIALIZED_AUTOS = YES_AGGRESSIVE;
				GCC_WARN_UNUSED_FUNCTION = YES;
				GCC_WARN_UNUSED_VARIABLE = YES;
				IPHONEOS_DEPLOYMENT_TARGET = 12.4;
				MTL_ENABLE_DEBUG_INFO = INCLUDE_SOURCE;
				MTL_FAST_MATH = YES;
				ONLY_ACTIVE_ARCH = YES;
				SDKROOT = iphoneos;
				SWIFT_ACTIVE_COMPILATION_CONDITIONS = DEBUG;
				SWIFT_OPTIMIZATION_LEVEL = "-Onone";
			};
			name = Debug;
		};
		08DB6B9723152EEF00DFBDC3 /* Release */ = {
			isa = XCBuildConfiguration;
			buildSettings = {
				ALWAYS_SEARCH_USER_PATHS = NO;
				CLANG_ANALYZER_NONNULL = YES;
				CLANG_ANALYZER_NUMBER_OBJECT_CONVERSION = YES_AGGRESSIVE;
				CLANG_CXX_LANGUAGE_STANDARD = "gnu++14";
				CLANG_CXX_LIBRARY = "libc++";
				CLANG_ENABLE_MODULES = YES;
				CLANG_ENABLE_OBJC_ARC = YES;
				CLANG_ENABLE_OBJC_WEAK = YES;
				CLANG_WARN_BLOCK_CAPTURE_AUTORELEASING = YES;
				CLANG_WARN_BOOL_CONVERSION = YES;
				CLANG_WARN_COMMA = YES;
				CLANG_WARN_CONSTANT_CONVERSION = YES;
				CLANG_WARN_DEPRECATED_OBJC_IMPLEMENTATIONS = YES;
				CLANG_WARN_DIRECT_OBJC_ISA_USAGE = YES_ERROR;
				CLANG_WARN_DOCUMENTATION_COMMENTS = YES;
				CLANG_WARN_EMPTY_BODY = YES;
				CLANG_WARN_ENUM_CONVERSION = YES;
				CLANG_WARN_INFINITE_RECURSION = YES;
				CLANG_WARN_INT_CONVERSION = YES;
				CLANG_WARN_NON_LITERAL_NULL_CONVERSION = YES;
				CLANG_WARN_OBJC_IMPLICIT_RETAIN_SELF = YES;
				CLANG_WARN_OBJC_LITERAL_CONVERSION = YES;
				CLANG_WARN_OBJC_ROOT_CLASS = YES_ERROR;
				CLANG_WARN_RANGE_LOOP_ANALYSIS = YES;
				CLANG_WARN_STRICT_PROTOTYPES = YES;
				CLANG_WARN_SUSPICIOUS_MOVE = YES;
				CLANG_WARN_UNGUARDED_AVAILABILITY = YES_AGGRESSIVE;
				CLANG_WARN_UNREACHABLE_CODE = YES;
				CLANG_WARN__DUPLICATE_METHOD_MATCH = YES;
				CODE_SIGN_IDENTITY = "iPhone Developer";
				COPY_PHASE_STRIP = NO;
				DEBUG_INFORMATION_FORMAT = "dwarf-with-dsym";
				ENABLE_NS_ASSERTIONS = NO;
				ENABLE_STRICT_OBJC_MSGSEND = YES;
				GCC_C_LANGUAGE_STANDARD = gnu11;
				GCC_NO_COMMON_BLOCKS = YES;
				GCC_WARN_64_TO_32_BIT_CONVERSION = YES;
				GCC_WARN_ABOUT_RETURN_TYPE = YES_ERROR;
				GCC_WARN_UNDECLARED_SELECTOR = YES;
				GCC_WARN_UNINITIALIZED_AUTOS = YES_AGGRESSIVE;
				GCC_WARN_UNUSED_FUNCTION = YES;
				GCC_WARN_UNUSED_VARIABLE = YES;
				IPHONEOS_DEPLOYMENT_TARGET = 12.4;
				MTL_ENABLE_DEBUG_INFO = NO;
				MTL_FAST_MATH = YES;
				SDKROOT = iphoneos;
				SWIFT_COMPILATION_MODE = wholemodule;
				SWIFT_OPTIMIZATION_LEVEL = "-O";
				VALIDATE_PRODUCT = YES;
			};
			name = Release;
		};
		08DB6B9923152EEF00DFBDC3 /* Debug */ = {
			isa = XCBuildConfiguration;
			baseConfigurationReference = F1734C79BFF5B1FCD6C79855 /* Pods-HCWePoems.debug.xcconfig */;
			buildSettings = {
				ASSETCATALOG_COMPILER_APPICON_NAME = AppIcon;
				CODE_SIGN_STYLE = Automatic;
				DEVELOPMENT_TEAM = 899W82T4GS;
				INFOPLIST_FILE = HCWePoems/Info.plist;
				IPHONEOS_DEPLOYMENT_TARGET = 10.0;
				LD_RUNPATH_SEARCH_PATHS = (
					"$(inherited)",
					"@executable_path/Frameworks",
				);
				PRODUCT_BUNDLE_IDENTIFIER = com.houcong.HCWePoems;
				PRODUCT_NAME = "$(TARGET_NAME)";
				SWIFT_VERSION = 5.0;
				TARGETED_DEVICE_FAMILY = "1,2";
			};
			name = Debug;
		};
		08DB6B9A23152EEF00DFBDC3 /* Release */ = {
			isa = XCBuildConfiguration;
			baseConfigurationReference = 52FC84FD870892AAAF8A5C9F /* Pods-HCWePoems.release.xcconfig */;
			buildSettings = {
				ASSETCATALOG_COMPILER_APPICON_NAME = AppIcon;
				CODE_SIGN_STYLE = Automatic;
				DEVELOPMENT_TEAM = 899W82T4GS;
				INFOPLIST_FILE = HCWePoems/Info.plist;
				IPHONEOS_DEPLOYMENT_TARGET = 10.0;
				LD_RUNPATH_SEARCH_PATHS = (
					"$(inherited)",
					"@executable_path/Frameworks",
				);
				PRODUCT_BUNDLE_IDENTIFIER = com.houcong.HCWePoems;
				PRODUCT_NAME = "$(TARGET_NAME)";
				SWIFT_VERSION = 5.0;
				TARGETED_DEVICE_FAMILY = "1,2";
			};
			name = Release;
		};
/* End XCBuildConfiguration section */

/* Begin XCConfigurationList section */
		08DB6B8123152EEE00DFBDC3 /* Build configuration list for PBXProject "HCWePoems" */ = {
			isa = XCConfigurationList;
			buildConfigurations = (
				08DB6B9623152EEF00DFBDC3 /* Debug */,
				08DB6B9723152EEF00DFBDC3 /* Release */,
			);
			defaultConfigurationIsVisible = 0;
			defaultConfigurationName = Release;
		};
		08DB6B9823152EEF00DFBDC3 /* Build configuration list for PBXNativeTarget "HCWePoems" */ = {
			isa = XCConfigurationList;
			buildConfigurations = (
				08DB6B9923152EEF00DFBDC3 /* Debug */,
				08DB6B9A23152EEF00DFBDC3 /* Release */,
			);
			defaultConfigurationIsVisible = 0;
			defaultConfigurationName = Release;
		};
/* End XCConfigurationList section */
	};
	rootObject = 08DB6B7E23152EEE00DFBDC3 /* Project object */;
}
